{
  "nodes": {
    "catppuccin": {
      "locked": {
        "lastModified": 1713895615,
        "narHash": "sha256-SVkxhcL0/IN5fNI2dqr702wXOnzktsm0LCEVGRAJQcY=",
        "owner": "catppuccin",
        "repo": "nix",
        "rev": "a48e70a31616cb63e4794fd3465bff1835cc4246",
        "type": "github"
      },
      "original": {
        "owner": "catppuccin",
        "repo": "nix",
        "type": "github"
      }
    },
    "darwin": {
      "inputs": {
        "nixpkgs": [
          "nixpkgs"
        ]
      },
      "locked": {
        "lastModified": 1711763326,
        "narHash": "sha256-sXcesZWKXFlEQ8oyGHnfk4xc9f2Ip0X/+YZOq3sKviI=",
        "owner": "LnL7",
        "repo": "nix-darwin",
        "rev": "36524adc31566655f2f4d55ad6b875fb5c1a4083",
        "type": "github"
      },
      "original": {
        "owner": "LnL7",
        "repo": "nix-darwin",
        "type": "github"
      }
    },
    "flake-parts": {
      "inputs": {
        "nixpkgs-lib": "nixpkgs-lib"
      },
      "locked": {
        "lastModified": 1714641030,
        "narHash": "sha256-yzcRNDoyVP7+SCNX0wmuDju1NUCt8Dz9+lyUXEI0dbI=",
        "owner": "hercules-ci",
        "repo": "flake-parts",
        "rev": "e5d10a24b66c3ea8f150e47dfdb0416ab7c3390e",
        "type": "github"
      },
      "original": {
        "owner": "hercules-ci",
        "repo": "flake-parts",
        "type": "github"
      }
    },
    "home-manager": {
      "inputs": {
        "nixpkgs": [
          "nixpkgs"
        ]
      },
      "locked": {
        "lastModified": 1712462372,
        "narHash": "sha256-WA3bbBWhd3o1wAgyHZNypjb/LG4oq+IWxFq8ey8yNPU=",
        "owner": "nix-community",
        "repo": "home-manager",
        "rev": "a561ad6ab38578c812cc9af3b04f2cc60ebf48c9",
        "type": "github"
      },
      "original": {
        "owner": "nix-community",
        "repo": "home-manager",
        "type": "github"
      }
    },
    "neovim-config": {
      "flake": false,
      "locked": {
        "lastModified": 1714272068,
        "narHash": "sha256-KXAUr0SXAAeanIaFOBVDdUHT4rjRxFOVWfFcqk9DveE=",
        "owner": "EthanJ-Brady",
        "repo": "nvim",
        "rev": "54630b820adadb11f891f0bee99c79a7493710ac",
        "type": "github"
      },
      "original": {
        "owner": "EthanJ-Brady",
        "repo": "nvim",
        "type": "github"
      }
    },
    "nix-gaming": {
      "inputs": {
        "flake-parts": "flake-parts",
        "nixpkgs": "nixpkgs"
      },
      "locked": {
        "lastModified": 1715908553,
        "narHash": "sha256-9te1GH3e4gTARupbBhzqeMDKdVDHEky3AvIGzJpnm+I=",
        "owner": "fufexan",
        "repo": "nix-gaming",
        "rev": "8bd322b708faab6e8e09d300acec3ada7443b9a3",
        "type": "github"
      },
      "original": {
        "owner": "fufexan",
        "repo": "nix-gaming",
        "type": "github"
      }
    },
    "nixos-hardware": {
      "locked": {
        "lastModified": 1715010655,
        "narHash": "sha256-FmdhvR/hgBkPDvIv/HOEIQsSMaVXh8wvTrnep8dF3Jc=",
        "owner": "NixOS",
        "repo": "nixos-hardware",
        "rev": "d1659c9eb8af718118fb4bbe2c86797c8b8623eb",
        "type": "github"
      },
      "original": {
        "owner": "NixOS",
        "ref": "master",
        "repo": "nixos-hardware",
        "type": "github"
      }
    },
    "nixpkgs": {
      "locked": {
        "lastModified": 1715413075,
        "narHash": "sha256-FCi3R1MeS5bVp0M0xTheveP6hhcCYfW/aghSTPebYL4=",
        "owner": "NixOS",
        "repo": "nixpkgs",
        "rev": "e4e7a43a9db7e22613accfeb1005cca1b2b1ee0d",
        "type": "github"
      },
      "original": {
        "owner": "NixOS",
        "ref": "nixpkgs-unstable",
        "repo": "nixpkgs",
        "type": "github"
      }
    },
    "nixpkgs-lib": {
      "locked": {
        "lastModified": 1714640452,
        "narHash": "sha256-QBx10+k6JWz6u7VsohfSw8g8hjdBZEf8CFzXH1/1Z94=",
        "type": "tarball",
        "url": "https://github.com/NixOS/nixpkgs/archive/50eb7ecf4cd0a5756d7275c8ba36790e5bd53e33.tar.gz"
      },
      "original": {
        "type": "tarball",
        "url": "https://github.com/NixOS/nixpkgs/archive/50eb7ecf4cd0a5756d7275c8ba36790e5bd53e33.tar.gz"
      }
    },
    "nixpkgs_2": {
      "locked": {
        "lastModified": 1712439257,
        "narHash": "sha256-aSpiNepFOMk9932HOax0XwNxbA38GOUVOiXfUVPOrck=",
        "owner": "nixos",
        "repo": "nixpkgs",
        "rev": "ff0dbd94265ac470dda06a657d5fe49de93b4599",
        "type": "github"
      },
      "original": {
        "owner": "nixos",
        "ref": "nixos-unstable",
        "repo": "nixpkgs",
        "type": "github"
      }
    },
    "root": {
      "inputs": {
        "catppuccin": "catppuccin",
        "darwin": "darwin",
        "home-manager": "home-manager",
        "neovim-config": "neovim-config",
        "nix-gaming": "nix-gaming",
        "nixos-hardware": "nixos-hardware",
        "nixpkgs": "nixpkgs_2"
      }
    }
  },
  "root": "root",
  "version": 7
}
